
Microsoft Visual Studio Solution File, Format Version 12.00
Project("{FAE04EC0-301F-11D3-BF4B-00C04F79EFBC}") = "CourseRegistration.Api", "CourseRegistration.Api\CourseRegistration.Api.csproj", "{B87629A9-0460-4800-9C68-1F876E3E658E}"
EndProject
Project("{2150E333-8FDC-42A3-9474-1A3956D46DE8}") = "Solution Items", "Solution Items", "{F24FEE61-4CF5-4511-AF22-F156D368D14B}"
	ProjectSection(SolutionItems) = preProject
		compose.yaml = compose.yaml
	EndProjectSection
EndProject
Project("{FAE04EC0-301F-11D3-BF4B-00C04F79EFBC}") = "CourseRegistration.Tests", "CourseRegistration.Tests\CourseRegistration.Tests.csproj", "{C0AB2F02-A97D-4585-B808-C196065F59E7}"
EndProject
Global
	GlobalSection(SolutionConfigurationPlatforms) = preSolution
		Debug|Any CPU = Debug|Any CPU
		Release|Any CPU = Release|Any CPU
	EndGlobalSection
	GlobalSection(ProjectConfigurationPlatforms) = postSolution
		{B87629A9-0460-4800-9C68-1F876E3E658E}.Debug|Any CPU.ActiveCfg = Debug|Any CPU
		{B87629A9-0460-4800-9C68-1F876E3E658E}.Debug|Any CPU.Build.0 = Debug|Any CPU
		{B87629A9-0460-4800-9C68-1F876E3E658E}.Release|Any CPU.ActiveCfg = Release|Any CPU
		{B87629A9-0460-4800-9C68-1F876E3E658E}.Release|Any CPU.Build.0 = Release|Any CPU
		{C0AB2F02-A97D-4585-B808-C196065F59E7}.Debug|Any CPU.ActiveCfg = Debug|Any CPU
		{C0AB2F02-A97D-4585-B808-C196065F59E7}.Debug|Any CPU.Build.0 = Debug|Any CPU
		{C0AB2F02-A97D-4585-B808-C196065F59E7}.Release|Any CPU.ActiveCfg = Release|Any CPU
		{C0AB2F02-A97D-4585-B808-C196065F59E7}.Release|Any CPU.Build.0 = Release|Any CPU
	EndGlobalSection
EndGlobal
